
Microsoft Visual Studio Solution File, Format Version 12.00
# Visual Studio Version 16
VisualStudioVersion = 16.0.31613.86
MinimumVisualStudioVersion = 10.0.40219.1
Project("{FAE04EC0-301F-11D3-BF4B-00C04F79EFBC}") = "Vso_v_odnom", "Vso_v_odnom\Vso_v_odnom.csproj", "{4CF7E9D9-C60B-4E5F-837B-DF8DD82AE3B4}"
EndProject
Global
	GlobalSection(SolutionConfigurationPlatforms) = preSolution
		Debug|Any CPU = Debug|Any CPU
		Release|Any CPU = Release|Any CPU
	EndGlobalSection
	GlobalSection(ProjectConfigurationPlatforms) = postSolution
		{4CF7E9D9-C60B-4E5F-837B-DF8DD82AE3B4}.Debug|Any CPU.ActiveCfg = Debug|Any CPU
		{4CF7E9D9-C60B-4E5F-837B-DF8DD82AE3B4}.Debug|Any CPU.Build.0 = Debug|Any CPU
		{4CF7E9D9-C60B-4E5F-837B-DF8DD82AE3B4}.Release|Any CPU.ActiveCfg = Release|Any CPU
		{4CF7E9D9-C60B-4E5F-837B-DF8DD82AE3B4}.Release|Any CPU.Build.0 = Release|Any CPU
	EndGlobalSection
	GlobalSection(SolutionProperties) = preSolution
		HideSolutionNode = FALSE
	EndGlobalSection
	GlobalSection(ExtensibilityGlobals) = postSolution
		SolutionGuid = {0CE3B2C1-AE29-46EF-97E8-8981A51A0AA3}
	EndGlobalSection
EndGlobal
